// !$*UTF8*$!
{
	archiveVersion = 1;
	classes = {
	};
	objectVersion = 56;
	objects = {

/* Begin PBXBuildFile section */
		841027212AAA50590031632F /* ProfileViewController.swift in Sources */ = {isa = PBXBuildFile; fileRef = 841027202AAA50590031632F /* ProfileViewController.swift */; };
		84344D972AE702380028814F /* ProgressHUD in Frameworks */ = {isa = PBXBuildFile; productRef = 84344D962AE702380028814F /* ProgressHUD */; };
		84344D992AE70A2D0028814F /* UIBlockingProgressHUD.swift in Sources */ = {isa = PBXBuildFile; fileRef = 84344D982AE70A2D0028814F /* UIBlockingProgressHUD.swift */; };
		843925CF2AB252F400AF793F /* SingleImageViewController.swift in Sources */ = {isa = PBXBuildFile; fileRef = 843925CE2AB252F400AF793F /* SingleImageViewController.swift */; };
		844C81BE2A9BB7F200E1F1F2 /* AppDelegate.swift in Sources */ = {isa = PBXBuildFile; fileRef = 844C81BD2A9BB7F200E1F1F2 /* AppDelegate.swift */; };
		844C81C02A9BB7F200E1F1F2 /* SceneDelegate.swift in Sources */ = {isa = PBXBuildFile; fileRef = 844C81BF2A9BB7F200E1F1F2 /* SceneDelegate.swift */; };
		844C81C22A9BB7F200E1F1F2 /* ImageListViewController.swift in Sources */ = {isa = PBXBuildFile; fileRef = 844C81C12A9BB7F200E1F1F2 /* ImageListViewController.swift */; };
		844C81C52A9BB7F200E1F1F2 /* Main.storyboard in Resources */ = {isa = PBXBuildFile; fileRef = 844C81C32A9BB7F200E1F1F2 /* Main.storyboard */; };
		844C81C72A9BB7F300E1F1F2 /* Assets.xcassets in Resources */ = {isa = PBXBuildFile; fileRef = 844C81C62A9BB7F300E1F1F2 /* Assets.xcassets */; };
		844C81CA2A9BB7F300E1F1F2 /* LaunchScreen.storyboard in Resources */ = {isa = PBXBuildFile; fileRef = 844C81C82A9BB7F300E1F1F2 /* LaunchScreen.storyboard */; };
		845DACA72A9FC813000688D8 /* ImagesListCell.swift in Sources */ = {isa = PBXBuildFile; fileRef = 845DACA62A9FC813000688D8 /* ImagesListCell.swift */; };
		848D6B7E2B150446007D77B3 /* ProfileService.swift in Sources */ = {isa = PBXBuildFile; fileRef = 848D6B7D2B150446007D77B3 /* ProfileService.swift */; };
		848EB0C02B1E408D00F71BF6 /* Profile.swift in Sources */ = {isa = PBXBuildFile; fileRef = 848EB0BF2B1E408D00F71BF6 /* Profile.swift */; };
		848EB0C22B1E40E800F71BF6 /* ProfileResult.swift in Sources */ = {isa = PBXBuildFile; fileRef = 848EB0C12B1E40E700F71BF6 /* ProfileResult.swift */; };
		848EB0C42B1E425100F71BF6 /* URLSessionCode.swift in Sources */ = {isa = PBXBuildFile; fileRef = 848EB0C32B1E425100F71BF6 /* URLSessionCode.swift */; };
		84D72FF82ADDAD6800CB57AD /* OAuth2Service.swift in Sources */ = {isa = PBXBuildFile; fileRef = 84D72FF72ADDAD6800CB57AD /* OAuth2Service.swift */; };
		84D72FFA2ADDAD8500CB57AD /* OAuth2TokenStorage.swift in Sources */ = {isa = PBXBuildFile; fileRef = 84D72FF92ADDAD8500CB57AD /* OAuth2TokenStorage.swift */; };
		84D72FFC2ADDB43700CB57AD /* SplashViewController.swift in Sources */ = {isa = PBXBuildFile; fileRef = 84D72FFB2ADDB43700CB57AD /* SplashViewController.swift */; };
		84DC28172AD4696F00D0E165 /* Constants.swift in Sources */ = {isa = PBXBuildFile; fileRef = 84DC28162AD4696F00D0E165 /* Constants.swift */; };
		84DC28192AD4866900D0E165 /* AuthViewController.swift in Sources */ = {isa = PBXBuildFile; fileRef = 84DC28182AD4866900D0E165 /* AuthViewController.swift */; };
		84DC281C2AD488A400D0E165 /* WebViewController.swift in Sources */ = {isa = PBXBuildFile; fileRef = 84DC281B2AD488A400D0E165 /* WebViewController.swift */; };
/* End PBXBuildFile section */

/* Begin PBXFileReference section */
		841027202AAA50590031632F /* ProfileViewController.swift */ = {isa = PBXFileReference; lastKnownFileType = sourcecode.swift; path = ProfileViewController.swift; sourceTree = "<group>"; };
		84344D982AE70A2D0028814F /* UIBlockingProgressHUD.swift */ = {isa = PBXFileReference; lastKnownFileType = sourcecode.swift; path = UIBlockingProgressHUD.swift; sourceTree = "<group>"; };
		843925CE2AB252F400AF793F /* SingleImageViewController.swift */ = {isa = PBXFileReference; lastKnownFileType = sourcecode.swift; path = SingleImageViewController.swift; sourceTree = "<group>"; };
		844C81BA2A9BB7F200E1F1F2 /* ImageFeed.app */ = {isa = PBXFileReference; explicitFileType = wrapper.application; includeInIndex = 0; path = ImageFeed.app; sourceTree = BUILT_PRODUCTS_DIR; };
		844C81BD2A9BB7F200E1F1F2 /* AppDelegate.swift */ = {isa = PBXFileReference; lastKnownFileType = sourcecode.swift; path = AppDelegate.swift; sourceTree = "<group>"; };
		844C81BF2A9BB7F200E1F1F2 /* SceneDelegate.swift */ = {isa = PBXFileReference; lastKnownFileType = sourcecode.swift; path = SceneDelegate.swift; sourceTree = "<group>"; };
		844C81C12A9BB7F200E1F1F2 /* ImageListViewController.swift */ = {isa = PBXFileReference; lastKnownFileType = sourcecode.swift; path = ImageListViewController.swift; sourceTree = "<group>"; };
		844C81C42A9BB7F200E1F1F2 /* Base */ = {isa = PBXFileReference; lastKnownFileType = file.storyboard; name = Base; path = Base.lproj/Main.storyboard; sourceTree = "<group>"; };
		844C81C62A9BB7F300E1F1F2 /* Assets.xcassets */ = {isa = PBXFileReference; lastKnownFileType = folder.assetcatalog; path = Assets.xcassets; sourceTree = "<group>"; };
		844C81C92A9BB7F300E1F1F2 /* Base */ = {isa = PBXFileReference; lastKnownFileType = file.storyboard; name = Base; path = Base.lproj/LaunchScreen.storyboard; sourceTree = "<group>"; };
		844C81CB2A9BB7F300E1F1F2 /* Info.plist */ = {isa = PBXFileReference; lastKnownFileType = text.plist.xml; path = Info.plist; sourceTree = "<group>"; };
		845DACA62A9FC813000688D8 /* ImagesListCell.swift */ = {isa = PBXFileReference; lastKnownFileType = sourcecode.swift; path = ImagesListCell.swift; sourceTree = "<group>"; };
		848D6B7D2B150446007D77B3 /* ProfileService.swift */ = {isa = PBXFileReference; lastKnownFileType = sourcecode.swift; path = ProfileService.swift; sourceTree = "<group>"; };
		848EB0BF2B1E408D00F71BF6 /* Profile.swift */ = {isa = PBXFileReference; lastKnownFileType = sourcecode.swift; path = Profile.swift; sourceTree = "<group>"; };
		848EB0C12B1E40E700F71BF6 /* ProfileResult.swift */ = {isa = PBXFileReference; lastKnownFileType = sourcecode.swift; path = ProfileResult.swift; sourceTree = "<group>"; };
		848EB0C32B1E425100F71BF6 /* URLSessionCode.swift */ = {isa = PBXFileReference; lastKnownFileType = sourcecode.swift; path = URLSessionCode.swift; sourceTree = "<group>"; };
		84D72FF72ADDAD6800CB57AD /* OAuth2Service.swift */ = {isa = PBXFileReference; lastKnownFileType = sourcecode.swift; path = OAuth2Service.swift; sourceTree = "<group>"; };
		84D72FF92ADDAD8500CB57AD /* OAuth2TokenStorage.swift */ = {isa = PBXFileReference; lastKnownFileType = sourcecode.swift; path = OAuth2TokenStorage.swift; sourceTree = "<group>"; };
		84D72FFB2ADDB43700CB57AD /* SplashViewController.swift */ = {isa = PBXFileReference; lastKnownFileType = sourcecode.swift; path = SplashViewController.swift; sourceTree = "<group>"; };
		84DC28162AD4696F00D0E165 /* Constants.swift */ = {isa = PBXFileReference; lastKnownFileType = sourcecode.swift; path = Constants.swift; sourceTree = "<group>"; };
		84DC28182AD4866900D0E165 /* AuthViewController.swift */ = {isa = PBXFileReference; lastKnownFileType = sourcecode.swift; path = AuthViewController.swift; sourceTree = "<group>"; };
		84DC281B2AD488A400D0E165 /* WebViewController.swift */ = {isa = PBXFileReference; lastKnownFileType = sourcecode.swift; path = WebViewController.swift; sourceTree = "<group>"; };
/* End PBXFileReference section */

/* Begin PBXFrameworksBuildPhase section */
		844C81B72A9BB7F200E1F1F2 /* Frameworks */ = {
			isa = PBXFrameworksBuildPhase;
			buildActionMask = 2147483647;
			files = (
				84344D972AE702380028814F /* ProgressHUD in Frameworks */,
			);
			runOnlyForDeploymentPostprocessing = 0;
		};
/* End PBXFrameworksBuildPhase section */

/* Begin PBXGroup section */
		8410271F2AAA4FFE0031632F /* Profile */ = {
			isa = PBXGroup;
			children = (
				841027202AAA50590031632F /* ProfileViewController.swift */,
				848D6B7D2B150446007D77B3 /* ProfileService.swift */,
				848EB0C12B1E40E700F71BF6 /* ProfileResult.swift */,
				848EB0BF2B1E408D00F71BF6 /* Profile.swift */,
			);
			path = Profile;
			sourceTree = "<group>";
		};
		843925D02AB258D400AF793F /* SingleImage */ = {
			isa = PBXGroup;
			children = (
				843925CE2AB252F400AF793F /* SingleImageViewController.swift */,
			);
			path = SingleImage;
			sourceTree = "<group>";
		};
		844C81B12A9BB7F200E1F1F2 = {
			isa = PBXGroup;
			children = (
				844C81BC2A9BB7F200E1F1F2 /* ImageFeed */,
				844C81BB2A9BB7F200E1F1F2 /* Products */,
			);
			sourceTree = "<group>";
		};
		844C81BB2A9BB7F200E1F1F2 /* Products */ = {
			isa = PBXGroup;
			children = (
				844C81BA2A9BB7F200E1F1F2 /* ImageFeed.app */,
			);
			name = Products;
			sourceTree = "<group>";
		};
		844C81BC2A9BB7F200E1F1F2 /* ImageFeed */ = {
			isa = PBXGroup;
			children = (
				844C81BD2A9BB7F200E1F1F2 /* AppDelegate.swift */,
				844C81BF2A9BB7F200E1F1F2 /* SceneDelegate.swift */,
				84DC28162AD4696F00D0E165 /* Constants.swift */,
				848EB0C32B1E425100F71BF6 /* URLSessionCode.swift */,
				845DACA82A9FC892000688D8 /* ImageList */,
				843925D02AB258D400AF793F /* SingleImage */,
				8410271F2AAA4FFE0031632F /* Profile */,
				84DC281A2AD486E300D0E165 /* Auth */,
				84D72FFE2ADDB6E000CB57AD /* ServiceAccessLayer */,
				84D72FFF2ADDB73800CB57AD /* SplashViewController */,
				844C81C32A9BB7F200E1F1F2 /* Main.storyboard */,
				844C81C62A9BB7F300E1F1F2 /* Assets.xcassets */,
				844C81C82A9BB7F300E1F1F2 /* LaunchScreen.storyboard */,
				844C81CB2A9BB7F300E1F1F2 /* Info.plist */,
			);
			path = ImageFeed;
			sourceTree = "<group>";
		};
		845DACA82A9FC892000688D8 /* ImageList */ = {
			isa = PBXGroup;
			children = (
				844C81C12A9BB7F200E1F1F2 /* ImageListViewController.swift */,
				845DACA62A9FC813000688D8 /* ImagesListCell.swift */,
			);
			path = ImageList;
			sourceTree = "<group>";
		};
		84D72FFD2ADDB6B300CB57AD /* OAuth2 */ = {
			isa = PBXGroup;
			children = (
				84D72FF72ADDAD6800CB57AD /* OAuth2Service.swift */,
				84D72FF92ADDAD8500CB57AD /* OAuth2TokenStorage.swift */,
			);
			path = OAuth2;
			sourceTree = "<group>";
		};
		84D72FFE2ADDB6E000CB57AD /* ServiceAccessLayer */ = {
			isa = PBXGroup;
			children = (
				84D72FFD2ADDB6B300CB57AD /* OAuth2 */,
			);
			path = ServiceAccessLayer;
			sourceTree = "<group>";
		};
		84D72FFF2ADDB73800CB57AD /* SplashViewController */ = {
			isa = PBXGroup;
			children = (
				84D72FFB2ADDB43700CB57AD /* SplashViewController.swift */,
				84344D982AE70A2D0028814F /* UIBlockingProgressHUD.swift */,
			);
			path = SplashViewController;
			sourceTree = "<group>";
		};
		84DC281A2AD486E300D0E165 /* Auth */ = {
			isa = PBXGroup;
			children = (
				84DC28182AD4866900D0E165 /* AuthViewController.swift */,
				84DC281B2AD488A400D0E165 /* WebViewController.swift */,
			);
			path = Auth;
			sourceTree = "<group>";
		};
/* End PBXGroup section */

/* Begin PBXNativeTarget section */
		844C81B92A9BB7F200E1F1F2 /* ImageFeed */ = {
			isa = PBXNativeTarget;
			buildConfigurationList = 844C81CE2A9BB7F300E1F1F2 /* Build configuration list for PBXNativeTarget "ImageFeed" */;
			buildPhases = (
				844C81B62A9BB7F200E1F1F2 /* Sources */,
				844C81B72A9BB7F200E1F1F2 /* Frameworks */,
				844C81B82A9BB7F200E1F1F2 /* Resources */,
			);
			buildRules = (
			);
			dependencies = (
			);
			name = ImageFeed;
			packageProductDependencies = (
				84344D962AE702380028814F /* ProgressHUD */,
			);
			productName = ImageFeed;
			productReference = 844C81BA2A9BB7F200E1F1F2 /* ImageFeed.app */;
			productType = "com.apple.product-type.application";
		};
/* End PBXNativeTarget section */

/* Begin PBXProject section */
		844C81B22A9BB7F200E1F1F2 /* Project object */ = {
			isa = PBXProject;
			attributes = {
				BuildIndependentTargetsInParallel = 1;
				LastSwiftUpdateCheck = 1430;
				LastUpgradeCheck = 1430;
				TargetAttributes = {
					844C81B92A9BB7F200E1F1F2 = {
						CreatedOnToolsVersion = 14.3.1;
					};
				};
			};
			buildConfigurationList = 844C81B52A9BB7F200E1F1F2 /* Build configuration list for PBXProject "ImageFeed" */;
			compatibilityVersion = "Xcode 14.0";
			developmentRegion = en;
			hasScannedForEncodings = 0;
			knownRegions = (
				en,
				Base,
			);
			mainGroup = 844C81B12A9BB7F200E1F1F2;
			packageReferences = (
				84344D952AE702380028814F /* XCRemoteSwiftPackageReference "ProgressHUD" */,
			);
			productRefGroup = 844C81BB2A9BB7F200E1F1F2 /* Products */;
			projectDirPath = "";
			projectRoot = "";
			targets = (
				844C81B92A9BB7F200E1F1F2 /* ImageFeed */,
			);
		};
/* End PBXProject section */

/* Begin PBXResourcesBuildPhase section */
		844C81B82A9BB7F200E1F1F2 /* Resources */ = {
			isa = PBXResourcesBuildPhase;
			buildActionMask = 2147483647;
			files = (
				844C81CA2A9BB7F300E1F1F2 /* LaunchScreen.storyboard in Resources */,
				844C81C72A9BB7F300E1F1F2 /* Assets.xcassets in Resources */,
				844C81C52A9BB7F200E1F1F2 /* Main.storyboard in Resources */,
			);
			runOnlyForDeploymentPostprocessing = 0;
		};
/* End PBXResourcesBuildPhase section */

/* Begin PBXSourcesBuildPhase section */
		844C81B62A9BB7F200E1F1F2 /* Sources */ = {
			isa = PBXSourcesBuildPhase;
			buildActionMask = 2147483647;
			files = (
				844C81C22A9BB7F200E1F1F2 /* ImageListViewController.swift in Sources */,
				848EB0C02B1E408D00F71BF6 /* Profile.swift in Sources */,
				845DACA72A9FC813000688D8 /* ImagesListCell.swift in Sources */,
				841027212AAA50590031632F /* ProfileViewController.swift in Sources */,
				84D72FFC2ADDB43700CB57AD /* SplashViewController.swift in Sources */,
				844C81BE2A9BB7F200E1F1F2 /* AppDelegate.swift in Sources */,
				84D72FFA2ADDAD8500CB57AD /* OAuth2TokenStorage.swift in Sources */,
				84344D992AE70A2D0028814F /* UIBlockingProgressHUD.swift in Sources */,
				84DC28192AD4866900D0E165 /* AuthViewController.swift in Sources */,
				84DC28172AD4696F00D0E165 /* Constants.swift in Sources */,
				848EB0C42B1E425100F71BF6 /* URLSessionCode.swift in Sources */,
				843925CF2AB252F400AF793F /* SingleImageViewController.swift in Sources */,
				84DC281C2AD488A400D0E165 /* WebViewController.swift in Sources */,
				84D72FF82ADDAD6800CB57AD /* OAuth2Service.swift in Sources */,
				844C81C02A9BB7F200E1F1F2 /* SceneDelegate.swift in Sources */,
				848EB0C22B1E40E800F71BF6 /* ProfileResult.swift in Sources */,
				848D6B7E2B150446007D77B3 /* ProfileService.swift in Sources */,
			);
			runOnlyForDeploymentPostprocessing = 0;
		};
/* End PBXSourcesBuildPhase section */

/* Begin PBXVariantGroup section */
		844C81C32A9BB7F200E1F1F2 /* Main.storyboard */ = {
			isa = PBXVariantGroup;
			children = (
				844C81C42A9BB7F200E1F1F2 /* Base */,
			);
			name = Main.storyboard;
			sourceTree = "<group>";
		};
		844C81C82A9BB7F300E1F1F2 /* LaunchScreen.storyboard */ = {
			isa = PBXVariantGroup;
			children = (
				844C81C92A9BB7F300E1F1F2 /* Base */,
			);
			name = LaunchScreen.storyboard;
			sourceTree = "<group>";
		};
/* End PBXVariantGroup section */

/* Begin XCBuildConfiguration section */
		844C81CC2A9BB7F300E1F1F2 /* Debug */ = {
			isa = XCBuildConfiguration;
			buildSettings = {
				ALWAYS_SEARCH_USER_PATHS = NO;
				CLANG_ANALYZER_NONNULL = YES;
				CLANG_ANALYZER_NUMBER_OBJECT_CONVERSION = YES_AGGRESSIVE;
				CLANG_CXX_LANGUAGE_STANDARD = "gnu++20";
				CLANG_ENABLE_MODULES = YES;
				CLANG_ENABLE_OBJC_ARC = YES;
				CLANG_ENABLE_OBJC_WEAK = YES;
				CLANG_WARN_BLOCK_CAPTURE_AUTORELEASING = YES;
				CLANG_WARN_BOOL_CONVERSION = YES;
				CLANG_WARN_COMMA = YES;
				CLANG_WARN_CONSTANT_CONVERSION = YES;
				CLANG_WARN_DEPRECATED_OBJC_IMPLEMENTATIONS = YES;
				CLANG_WARN_DIRECT_OBJC_ISA_USAGE = YES_ERROR;
				CLANG_WARN_DOCUMENTATION_COMMENTS = YES;
				CLANG_WARN_EMPTY_BODY = YES;
				CLANG_WARN_ENUM_CONVERSION = YES;
				CLANG_WARN_INFINITE_RECURSION = YES;
				CLANG_WARN_INT_CONVERSION = YES;
				CLANG_WARN_NON_LITERAL_NULL_CONVERSION = YES;
				CLANG_WARN_OBJC_IMPLICIT_RETAIN_SELF = YES;
				CLANG_WARN_OBJC_LITERAL_CONVERSION = YES;
				CLANG_WARN_OBJC_ROOT_CLASS = YES_ERROR;
				CLANG_WARN_QUOTED_INCLUDE_IN_FRAMEWORK_HEADER = YES;
				CLANG_WARN_RANGE_LOOP_ANALYSIS = YES;
				CLANG_WARN_STRICT_PROTOTYPES = YES;
				CLANG_WARN_SUSPICIOUS_MOVE = YES;
				CLANG_WARN_UNGUARDED_AVAILABILITY = YES_AGGRESSIVE;
				CLANG_WARN_UNREACHABLE_CODE = YES;
				CLANG_WARN__DUPLICATE_METHOD_MATCH = YES;
				COPY_PHASE_STRIP = NO;
				DEBUG_INFORMATION_FORMAT = dwarf;
				ENABLE_STRICT_OBJC_MSGSEND = YES;
				ENABLE_TESTABILITY = YES;
				GCC_C_LANGUAGE_STANDARD = gnu11;
				GCC_DYNAMIC_NO_PIC = NO;
				GCC_NO_COMMON_BLOCKS = YES;
				GCC_OPTIMIZATION_LEVEL = 0;
				GCC_PREPROCESSOR_DEFINITIONS = (
					"DEBUG=1",
					"$(inherited)",
				);
				GCC_WARN_64_TO_32_BIT_CONVERSION = YES;
				GCC_WARN_ABOUT_RETURN_TYPE = YES_ERROR;
				GCC_WARN_UNDECLARED_SELECTOR = YES;
				GCC_WARN_UNINITIALIZED_AUTOS = YES_AGGRESSIVE;
				GCC_WARN_UNUSED_FUNCTION = YES;
				GCC_WARN_UNUSED_VARIABLE = YES;
				IPHONEOS_DEPLOYMENT_TARGET = 16.4;
				MTL_ENABLE_DEBUG_INFO = INCLUDE_SOURCE;
				MTL_FAST_MATH = YES;
				ONLY_ACTIVE_ARCH = YES;
				SDKROOT = iphoneos;
				SWIFT_ACTIVE_COMPILATION_CONDITIONS = DEBUG;
				SWIFT_OPTIMIZATION_LEVEL = "-Onone";
			};
			name = Debug;
		};
		844C81CD2A9BB7F300E1F1F2 /* Release */ = {
			isa = XCBuildConfiguration;
			buildSettings = {
				ALWAYS_SEARCH_USER_PATHS = NO;
				CLANG_ANALYZER_NONNULL = YES;
				CLANG_ANALYZER_NUMBER_OBJECT_CONVERSION = YES_AGGRESSIVE;
				CLANG_CXX_LANGUAGE_STANDARD = "gnu++20";
				CLANG_ENABLE_MODULES = YES;
				CLANG_ENABLE_OBJC_ARC = YES;
				CLANG_ENABLE_OBJC_WEAK = YES;
				CLANG_WARN_BLOCK_CAPTURE_AUTORELEASING = YES;
				CLANG_WARN_BOOL_CONVERSION = YES;
				CLANG_WARN_COMMA = YES;
				CLANG_WARN_CONSTANT_CONVERSION = YES;
				CLANG_WARN_DEPRECATED_OBJC_IMPLEMENTATIONS = YES;
				CLANG_WARN_DIRECT_OBJC_ISA_USAGE = YES_ERROR;
				CLANG_WARN_DOCUMENTATION_COMMENTS = YES;
				CLANG_WARN_EMPTY_BODY = YES;
				CLANG_WARN_ENUM_CONVERSION = YES;
				CLANG_WARN_INFINITE_RECURSION = YES;
				CLANG_WARN_INT_CONVERSION = YES;
				CLANG_WARN_NON_LITERAL_NULL_CONVERSION = YES;
				CLANG_WARN_OBJC_IMPLICIT_RETAIN_SELF = YES;
				CLANG_WARN_OBJC_LITERAL_CONVERSION = YES;
				CLANG_WARN_OBJC_ROOT_CLASS = YES_ERROR;
				CLANG_WARN_QUOTED_INCLUDE_IN_FRAMEWORK_HEADER = YES;
				CLANG_WARN_RANGE_LOOP_ANALYSIS = YES;
				CLANG_WARN_STRICT_PROTOTYPES = YES;
				CLANG_WARN_SUSPICIOUS_MOVE = YES;
				CLANG_WARN_UNGUARDED_AVAILABILITY = YES_AGGRESSIVE;
				CLANG_WARN_UNREACHABLE_CODE = YES;
				CLANG_WARN__DUPLICATE_METHOD_MATCH = YES;
				COPY_PHASE_STRIP = NO;
				DEBUG_INFORMATION_FORMAT = "dwarf-with-dsym";
				ENABLE_NS_ASSERTIONS = NO;
				ENABLE_STRICT_OBJC_MSGSEND = YES;
				GCC_C_LANGUAGE_STANDARD = gnu11;
				GCC_NO_COMMON_BLOCKS = YES;
				GCC_WARN_64_TO_32_BIT_CONVERSION = YES;
				GCC_WARN_ABOUT_RETURN_TYPE = YES_ERROR;
				GCC_WARN_UNDECLARED_SELECTOR = YES;
				GCC_WARN_UNINITIALIZED_AUTOS = YES_AGGRESSIVE;
				GCC_WARN_UNUSED_FUNCTION = YES;
				GCC_WARN_UNUSED_VARIABLE = YES;
				IPHONEOS_DEPLOYMENT_TARGET = 16.4;
				MTL_ENABLE_DEBUG_INFO = NO;
				MTL_FAST_MATH = YES;
				SDKROOT = iphoneos;
				SWIFT_COMPILATION_MODE = wholemodule;
				SWIFT_OPTIMIZATION_LEVEL = "-O";
				VALIDATE_PRODUCT = YES;
			};
			name = Release;
		};
		844C81CF2A9BB7F300E1F1F2 /* Debug */ = {
			isa = XCBuildConfiguration;
			buildSettings = {
				ASSETCATALOG_COMPILER_APPICON_NAME = AppIcon;
				ASSETCATALOG_COMPILER_GLOBAL_ACCENT_COLOR_NAME = AccentColor;
				CODE_SIGN_STYLE = Automatic;
				CURRENT_PROJECT_VERSION = 1;
				DEVELOPMENT_TEAM = JJ9B3D74LX;
				GENERATE_INFOPLIST_FILE = YES;
				INFOPLIST_FILE = ImageFeed/Info.plist;
				INFOPLIST_KEY_LSApplicationCategoryType = "public.app-category.entertainment";
				INFOPLIST_KEY_UIApplicationSupportsIndirectInputEvents = YES;
				INFOPLIST_KEY_UILaunchStoryboardName = LaunchScreen;
				INFOPLIST_KEY_UIMainStoryboardFile = Main;
				INFOPLIST_KEY_UISupportedInterfaceOrientations = UIInterfaceOrientationPortrait;
				INFOPLIST_KEY_UISupportedInterfaceOrientations_iPad = "UIInterfaceOrientationLandscapeLeft UIInterfaceOrientationLandscapeRight UIInterfaceOrientationPortrait UIInterfaceOrientationPortraitUpsideDown";
				IPHONEOS_DEPLOYMENT_TARGET = 13.0;
				LD_RUNPATH_SEARCH_PATHS = (
					"$(inherited)",
					"@executable_path/Frameworks",
				);
				MARKETING_VERSION = 1.0;
				PRODUCT_BUNDLE_IDENTIFIER = ru.dmitfree.practicum.ImageFeed;
				PRODUCT_NAME = "$(TARGET_NAME)";
				SUPPORTED_PLATFORMS = "iphoneos iphonesimulator";
				SUPPORTS_MACCATALYST = NO;
				SUPPORTS_MAC_DESIGNED_FOR_IPHONE_IPAD = NO;
				SWIFT_EMIT_LOC_STRINGS = YES;
				SWIFT_VERSION = 5.0;
				TARGETED_DEVICE_FAMILY = 1;
			};
			name = Debug;
		};
		844C81D02A9BB7F300E1F1F2 /* Release */ = {
			isa = XCBuildConfiguration;
			buildSettings = {
				ASSETCATALOG_COMPILER_APPICON_NAME = AppIcon;
				ASSETCATALOG_COMPILER_GLOBAL_ACCENT_COLOR_NAME = AccentColor;
				CODE_SIGN_STYLE = Automatic;
				CURRENT_PROJECT_VERSION = 1;
				DEVELOPMENT_TEAM = JJ9B3D74LX;
				GENERATE_INFOPLIST_FILE = YES;
				INFOPLIST_FILE = ImageFeed/Info.plist;
				INFOPLIST_KEY_LSApplicationCategoryType = "public.app-category.entertainment";
				INFOPLIST_KEY_UIApplicationSupportsIndirectInputEvents = YES;
				INFOPLIST_KEY_UILaunchStoryboardName = LaunchScreen;
				INFOPLIST_KEY_UIMainStoryboardFile = Main;
				INFOPLIST_KEY_UISupportedInterfaceOrientations = UIInterfaceOrientationPortrait;
				INFOPLIST_KEY_UISupportedInterfaceOrientations_iPad = "UIInterfaceOrientationLandscapeLeft UIInterfaceOrientationLandscapeRight UIInterfaceOrientationPortrait UIInterfaceOrientationPortraitUpsideDown";
				IPHONEOS_DEPLOYMENT_TARGET = 13.0;
				LD_RUNPATH_SEARCH_PATHS = (
					"$(inherited)",
					"@executable_path/Frameworks",
				);
				MARKETING_VERSION = 1.0;
				PRODUCT_BUNDLE_IDENTIFIER = ru.dmitfree.practicum.ImageFeed;
				PRODUCT_NAME = "$(TARGET_NAME)";
				SUPPORTED_PLATFORMS = "iphoneos iphonesimulator";
				SUPPORTS_MACCATALYST = NO;
				SUPPORTS_MAC_DESIGNED_FOR_IPHONE_IPAD = NO;
				SWIFT_EMIT_LOC_STRINGS = YES;
				SWIFT_VERSION = 5.0;
				TARGETED_DEVICE_FAMILY = 1;
			};
			name = Release;
		};
/* End XCBuildConfiguration section */

/* Begin XCConfigurationList section */
		844C81B52A9BB7F200E1F1F2 /* Build configuration list for PBXProject "ImageFeed" */ = {
			isa = XCConfigurationList;
			buildConfigurations = (
				844C81CC2A9BB7F300E1F1F2 /* Debug */,
				844C81CD2A9BB7F300E1F1F2 /* Release */,
			);
			defaultConfigurationIsVisible = 0;
			defaultConfigurationName = Release;
		};
		844C81CE2A9BB7F300E1F1F2 /* Build configuration list for PBXNativeTarget "ImageFeed" */ = {
			isa = XCConfigurationList;
			buildConfigurations = (
				844C81CF2A9BB7F300E1F1F2 /* Debug */,
				844C81D02A9BB7F300E1F1F2 /* Release */,
			);
			defaultConfigurationIsVisible = 0;
			defaultConfigurationName = Release;
		};
/* End XCConfigurationList section */

/* Begin XCRemoteSwiftPackageReference section */
		84344D952AE702380028814F /* XCRemoteSwiftPackageReference "ProgressHUD" */ = {
			isa = XCRemoteSwiftPackageReference;
			repositoryURL = "https://github.com/relatedcode/ProgressHUD.git";
			requirement = {
				kind = exactVersion;
				version = 13.8.4;
			};
		};
/* End XCRemoteSwiftPackageReference section */

/* Begin XCSwiftPackageProductDependency section */
		84344D962AE702380028814F /* ProgressHUD */ = {
			isa = XCSwiftPackageProductDependency;
			package = 84344D952AE702380028814F /* XCRemoteSwiftPackageReference "ProgressHUD" */;
			productName = ProgressHUD;
		};
/* End XCSwiftPackageProductDependency section */
	};
	rootObject = 844C81B22A9BB7F200E1F1F2 /* Project object */;
}
